
Microsoft Visual Studio Solution File, Format Version 12.00
# Visual Studio Version 17
VisualStudioVersion = 17.13.35825.156
MinimumVisualStudioVersion = 10.0.40219.1
Project("{8BC9CEB8-8B4A-11D0-8D11-00A0C91BC942}") = "ch07", "ch07\ch07.vcxproj", "{D3F3DB32-5E19-45C9-90E8-8E00BC4F89E1}"
EndProject
Project("{8BC9CEB8-8B4A-11D0-8D11-00A0C91BC942}") = "ch08", "ch08\ch08.vcxproj", "{98C61E51-D96F-472B-B93C-2EA27B98E67C}"
EndProject
Project("{8BC9CEB8-8B4A-11D0-8D11-00A0C91BC942}") = "ch07-Assigment", "ch07-assigment\ch07-assigment.vcxproj", "{BE25ED2E-7A8D-4022-A95E-CD0E1AFCC1EA}"
EndProject
Project("{8BC9CEB8-8B4A-11D0-8D11-00A0C91BC942}") = "ch08-Assigment", "ch08-assigment\ch08-assigment.vcxproj", "{0381AB03-4257-44E1-84C9-33426D37BA58}"
EndProject
Project("{8BC9CEB8-8B4A-11D0-8D11-00A0C91BC942}") = "ch09", "ch09\ch09.vcxproj", "{461B6F63-EB39-4DF1-AA16-07101C3DD17F}"
EndProject
Project("{8BC9CEB8-8B4A-11D0-8D11-00A0C91BC942}") = "ch09-Assingment", "ch09-Assingment\ch09-Assingment.vcxproj", "{D62BA04F-E8CA-4229-B5F7-9372B5F4F353}"
EndProject
Project("{8BC9CEB8-8B4A-11D0-8D11-00A0C91BC942}") = "ch10", "ch10\ch10.vcxproj", "{ED063774-CD13-4DAC-9F36-D35FAEDB11B9}"
EndProject
Project("{8BC9CEB8-8B4A-11D0-8D11-00A0C91BC942}") = "ch10-Assigment", "ch10-Assigment\ch10-Assigment.vcxproj", "{984B5556-A755-45B4-8A31-6C9703E34F64}"
EndProject
Project("{8BC9CEB8-8B4A-11D0-8D11-00A0C91BC942}") = "ch11.c", "ch11.c\ch11.c.vcxproj", "{CCE1A65E-F263-4997-A783-9F3159D5AF55}"
EndProject
Global
	GlobalSection(SolutionConfigurationPlatforms) = preSolution
		Debug|x64 = Debug|x64
		Debug|x86 = Debug|x86
		Release|x64 = Release|x64
		Release|x86 = Release|x86
	EndGlobalSection
	GlobalSection(ProjectConfigurationPlatforms) = postSolution
		{D3F3DB32-5E19-45C9-90E8-8E00BC4F89E1}.Debug|x64.ActiveCfg = Debug|x64
		{D3F3DB32-5E19-45C9-90E8-8E00BC4F89E1}.Debug|x64.Build.0 = Debug|x64
		{D3F3DB32-5E19-45C9-90E8-8E00BC4F89E1}.Debug|x86.ActiveCfg = Debug|Win32
		{D3F3DB32-5E19-45C9-90E8-8E00BC4F89E1}.Debug|x86.Build.0 = Debug|Win32
		{D3F3DB32-5E19-45C9-90E8-8E00BC4F89E1}.Release|x64.ActiveCfg = Release|x64
		{D3F3DB32-5E19-45C9-90E8-8E00BC4F89E1}.Release|x64.Build.0 = Release|x64
		{D3F3DB32-5E19-45C9-90E8-8E00BC4F89E1}.Release|x86.ActiveCfg = Release|Win32
		{D3F3DB32-5E19-45C9-90E8-8E00BC4F89E1}.Release|x86.Build.0 = Release|Win32
		{98C61E51-D96F-472B-B93C-2EA27B98E67C}.Debug|x64.ActiveCfg = Debug|x64
		{98C61E51-D96F-472B-B93C-2EA27B98E67C}.Debug|x64.Build.0 = Debug|x64
		{98C61E51-D96F-472B-B93C-2EA27B98E67C}.Debug|x86.ActiveCfg = Debug|Win32
		{98C61E51-D96F-472B-B93C-2EA27B98E67C}.Debug|x86.Build.0 = Debug|Win32
		{98C61E51-D96F-472B-B93C-2EA27B98E67C}.Release|x64.ActiveCfg = Release|x64
		{98C61E51-D96F-472B-B93C-2EA27B98E67C}.Release|x64.Build.0 = Release|x64
		{98C61E51-D96F-472B-B93C-2EA27B98E67C}.Release|x86.ActiveCfg = Release|Win32
		{98C61E51-D96F-472B-B93C-2EA27B98E67C}.Release|x86.Build.0 = Release|Win32
		{BE25ED2E-7A8D-4022-A95E-CD0E1AFCC1EA}.Debug|x64.ActiveCfg = Debug|x64
		{BE25ED2E-7A8D-4022-A95E-CD0E1AFCC1EA}.Debug|x64.Build.0 = Debug|x64
		{BE25ED2E-7A8D-4022-A95E-CD0E1AFCC1EA}.Debug|x86.ActiveCfg = Debug|Win32
		{BE25ED2E-7A8D-4022-A95E-CD0E1AFCC1EA}.Debug|x86.Build.0 = Debug|Win32
		{BE25ED2E-7A8D-4022-A95E-CD0E1AFCC1EA}.Release|x64.ActiveCfg = Release|x64
		{BE25ED2E-7A8D-4022-A95E-CD0E1AFCC1EA}.Release|x64.Build.0 = Release|x64
		{BE25ED2E-7A8D-4022-A95E-CD0E1AFCC1EA}.Release|x86.ActiveCfg = Release|Win32
		{BE25ED2E-7A8D-4022-A95E-CD0E1AFCC1EA}.Release|x86.Build.0 = Release|Win32
		{0381AB03-4257-44E1-84C9-33426D37BA58}.Debug|x64.ActiveCfg = Debug|x64
		{0381AB03-4257-44E1-84C9-33426D37BA58}.Debug|x64.Build.0 = Debug|x64
		{0381AB03-4257-44E1-84C9-33426D37BA58}.Debug|x86.ActiveCfg = Debug|Win32
		{0381AB03-4257-44E1-84C9-33426D37BA58}.Debug|x86.Build.0 = Debug|Win32
		{0381AB03-4257-44E1-84C9-33426D37BA58}.Release|x64.ActiveCfg = Release|x64
		{0381AB03-4257-44E1-84C9-33426D37BA58}.Release|x64.Build.0 = Release|x64
		{0381AB03-4257-44E1-84C9-33426D37BA58}.Release|x86.ActiveCfg = Release|Win32
		{0381AB03-4257-44E1-84C9-33426D37BA58}.Release|x86.Build.0 = Release|Win32
		{461B6F63-EB39-4DF1-AA16-07101C3DD17F}.Debug|x64.ActiveCfg = Debug|x64
		{461B6F63-EB39-4DF1-AA16-07101C3DD17F}.Debug|x64.Build.0 = Debug|x64
		{461B6F63-EB39-4DF1-AA16-07101C3DD17F}.Debug|x86.ActiveCfg = Debug|Win32
		{461B6F63-EB39-4DF1-AA16-07101C3DD17F}.Debug|x86.Build.0 = Debug|Win32
		{461B6F63-EB39-4DF1-AA16-07101C3DD17F}.Release|x64.ActiveCfg = Release|x64
		{461B6F63-EB39-4DF1-AA16-07101C3DD17F}.Release|x64.Build.0 = Release|x64
		{461B6F63-EB39-4DF1-AA16-07101C3DD17F}.Release|x86.ActiveCfg = Release|Win32
		{461B6F63-EB39-4DF1-AA16-07101C3DD17F}.Release|x86.Build.0 = Release|Win32
		{D62BA04F-E8CA-4229-B5F7-9372B5F4F353}.Debug|x64.ActiveCfg = Debug|x64
		{D62BA04F-E8CA-4229-B5F7-9372B5F4F353}.Debug|x64.Build.0 = Debug|x64
		{D62BA04F-E8CA-4229-B5F7-9372B5F4F353}.Debug|x86.ActiveCfg = Debug|Win32
		{D62BA04F-E8CA-4229-B5F7-9372B5F4F353}.Debug|x86.Build.0 = Debug|Win32
		{D62BA04F-E8CA-4229-B5F7-9372B5F4F353}.Release|x64.ActiveCfg = Release|x64
		{D62BA04F-E8CA-4229-B5F7-9372B5F4F353}.Release|x64.Build.0 = Release|x64
		{D62BA04F-E8CA-4229-B5F7-9372B5F4F353}.Release|x86.ActiveCfg = Release|Win32
		{D62BA04F-E8CA-4229-B5F7-9372B5F4F353}.Release|x86.Build.0 = Release|Win32
		{ED063774-CD13-4DAC-9F36-D35FAEDB11B9}.Debug|x64.ActiveCfg = Debug|x64
		{ED063774-CD13-4DAC-9F36-D35FAEDB11B9}.Debug|x64.Build.0 = Debug|x64
		{ED063774-CD13-4DAC-9F36-D35FAEDB11B9}.Debug|x86.ActiveCfg = Debug|Win32
		{ED063774-CD13-4DAC-9F36-D35FAEDB11B9}.Debug|x86.Build.0 = Debug|Win32
		{ED063774-CD13-4DAC-9F36-D35FAEDB11B9}.Release|x64.ActiveCfg = Release|x64
		{ED063774-CD13-4DAC-9F36-D35FAEDB11B9}.Release|x64.Build.0 = Release|x64
		{ED063774-CD13-4DAC-9F36-D35FAEDB11B9}.Release|x86.ActiveCfg = Release|Win32
		{ED063774-CD13-4DAC-9F36-D35FAEDB11B9}.Release|x86.Build.0 = Release|Win32
		{984B5556-A755-45B4-8A31-6C9703E34F64}.Debug|x64.ActiveCfg = Debug|x64
		{984B5556-A755-45B4-8A31-6C9703E34F64}.Debug|x64.Build.0 = Debug|x64
		{984B5556-A755-45B4-8A31-6C9703E34F64}.Debug|x86.ActiveCfg = Debug|Win32
		{984B5556-A755-45B4-8A31-6C9703E34F64}.Debug|x86.Build.0 = Debug|Win32
		{984B5556-A755-45B4-8A31-6C9703E34F64}.Release|x64.ActiveCfg = Release|x64
		{984B5556-A755-45B4-8A31-6C9703E34F64}.Release|x64.Build.0 = Release|x64
		{984B5556-A755-45B4-8A31-6C9703E34F64}.Release|x86.ActiveCfg = Release|Win32
		{984B5556-A755-45B4-8A31-6C9703E34F64}.Release|x86.Build.0 = Release|Win32
		{CCE1A65E-F263-4997-A783-9F3159D5AF55}.Debug|x64.ActiveCfg = Debug|x64
		{CCE1A65E-F263-4997-A783-9F3159D5AF55}.Debug|x64.Build.0 = Debug|x64
		{CCE1A65E-F263-4997-A783-9F3159D5AF55}.Debug|x86.ActiveCfg = Debug|Win32
		{CCE1A65E-F263-4997-A783-9F3159D5AF55}.Debug|x86.Build.0 = Debug|Win32
		{CCE1A65E-F263-4997-A783-9F3159D5AF55}.Release|x64.ActiveCfg = Release|x64
		{CCE1A65E-F263-4997-A783-9F3159D5AF55}.Release|x64.Build.0 = Release|x64
		{CCE1A65E-F263-4997-A783-9F3159D5AF55}.Release|x86.ActiveCfg = Release|Win32
		{CCE1A65E-F263-4997-A783-9F3159D5AF55}.Release|x86.Build.0 = Release|Win32
	EndGlobalSection
	GlobalSection(SolutionProperties) = preSolution
		HideSolutionNode = FALSE
	EndGlobalSection
	GlobalSection(ExtensibilityGlobals) = postSolution
		SolutionGuid = {BD45A6C6-D2DA-41C2-9F32-BFBD9C25E328}
	EndGlobalSection
EndGlobal
